
Microsoft Visual Studio Solution File, Format Version 12.00
# Visual Studio Version 17
VisualStudioVersion = 17.3.32811.315
MinimumVisualStudioVersion = 10.0.40219.1
Project("{FAE04EC0-301F-11D3-BF4B-00C04F79EFBC}") = "FileCheckingService", "FileCheckingService\FileCheckingService.csproj", "{A4844FE2-BB00-4B94-9236-FD220F3C27DB}"
EndProject
Project("{FAE04EC0-301F-11D3-BF4B-00C04F79EFBC}") = "FileCheckingService.Repository", "FileCheckingService.Repository\FileCheckingService.Repository.csproj", "{2AF80061-CC4D-4CFF-BEE9-5206DD43719E}"
EndProject
Project("{FAE04EC0-301F-11D3-BF4B-00C04F79EFBC}") = "FileCheckingService.Entities", "FileCheckingService.Entities\FileCheckingService.Entities.csproj", "{803502C7-88E2-468F-9D6C-D9786B5A7A3F}"
EndProject
Project("{FAE04EC0-301F-11D3-BF4B-00C04F79EFBC}") = "FileCheckingService.Service", "FileCheckingService.Service\FileCheckingService.Service.csproj", "{BCF107BF-E0E5-4DA8-ADBB-E747E915A2F0}"
EndProject
Project("{FAE04EC0-301F-11D3-BF4B-00C04F79EFBC}") = "FileCheckingService.LoggerService", "FileCheckingService.LoggerService\FileCheckingService.LoggerService.csproj", "{B02FB045-A225-4F88-A1E5-359AC858942D}"
EndProject
Global
	GlobalSection(SolutionConfigurationPlatforms) = preSolution
		Debug|Any CPU = Debug|Any CPU
		Release|Any CPU = Release|Any CPU
	EndGlobalSection
	GlobalSection(ProjectConfigurationPlatforms) = postSolution
		{A4844FE2-BB00-4B94-9236-FD220F3C27DB}.Debug|Any CPU.ActiveCfg = Debug|Any CPU
		{A4844FE2-BB00-4B94-9236-FD220F3C27DB}.Debug|Any CPU.Build.0 = Debug|Any CPU
		{A4844FE2-BB00-4B94-9236-FD220F3C27DB}.Release|Any CPU.ActiveCfg = Release|Any CPU
		{A4844FE2-BB00-4B94-9236-FD220F3C27DB}.Release|Any CPU.Build.0 = Release|Any CPU
		{2AF80061-CC4D-4CFF-BEE9-5206DD43719E}.Debug|Any CPU.ActiveCfg = Debug|Any CPU
		{2AF80061-CC4D-4CFF-BEE9-5206DD43719E}.Debug|Any CPU.Build.0 = Debug|Any CPU
		{2AF80061-CC4D-4CFF-BEE9-5206DD43719E}.Release|Any CPU.ActiveCfg = Release|Any CPU
		{2AF80061-CC4D-4CFF-BEE9-5206DD43719E}.Release|Any CPU.Build.0 = Release|Any CPU
		{803502C7-88E2-468F-9D6C-D9786B5A7A3F}.Debug|Any CPU.ActiveCfg = Debug|Any CPU
		{803502C7-88E2-468F-9D6C-D9786B5A7A3F}.Debug|Any CPU.Build.0 = Debug|Any CPU
		{803502C7-88E2-468F-9D6C-D9786B5A7A3F}.Release|Any CPU.ActiveCfg = Release|Any CPU
		{803502C7-88E2-468F-9D6C-D9786B5A7A3F}.Release|Any CPU.Build.0 = Release|Any CPU
		{BCF107BF-E0E5-4DA8-ADBB-E747E915A2F0}.Debug|Any CPU.ActiveCfg = Debug|Any CPU
		{BCF107BF-E0E5-4DA8-ADBB-E747E915A2F0}.Debug|Any CPU.Build.0 = Debug|Any CPU
		{BCF107BF-E0E5-4DA8-ADBB-E747E915A2F0}.Release|Any CPU.ActiveCfg = Release|Any CPU
		{BCF107BF-E0E5-4DA8-ADBB-E747E915A2F0}.Release|Any CPU.Build.0 = Release|Any CPU
		{B02FB045-A225-4F88-A1E5-359AC858942D}.Debug|Any CPU.ActiveCfg = Debug|Any CPU
		{B02FB045-A225-4F88-A1E5-359AC858942D}.Debug|Any CPU.Build.0 = Debug|Any CPU
		{B02FB045-A225-4F88-A1E5-359AC858942D}.Release|Any CPU.ActiveCfg = Release|Any CPU
		{B02FB045-A225-4F88-A1E5-359AC858942D}.Release|Any CPU.Build.0 = Release|Any CPU
	EndGlobalSection
	GlobalSection(SolutionProperties) = preSolution
		HideSolutionNode = FALSE
	EndGlobalSection
	GlobalSection(ExtensibilityGlobals) = postSolution
		SolutionGuid = {AA6387B1-552D-4688-92B5-E9991D4974B9}
	EndGlobalSection
EndGlobal
